PODS:
  - BSGridCollectionViewLayout (1.2.0)
  - BSImagePicker (2.6.0):
    - BSGridCollectionViewLayout (~> 1.2.0)
    - UIImageViewModeScaleAspect (~> 2.0)
  - UIImageViewModeScaleAspect (2.0)

DEPENDENCIES:
  - BSImagePicker (from `../`)

EXTERNAL SOURCES:
  BSImagePicker:
    :path: ../

SPEC CHECKSUMS:
  BSGridCollectionViewLayout: 8f12c8e1e08c47057f5a39a6828f4395f043d78f
  BSImagePicker: 20d7368c1241532046583e9b77638615102a794a
  UIImageViewModeScaleAspect: 32c43b419b0762001d5e476a4af48c1fe875f60a

PODFILE CHECKSUM: 55707bb71dc224a83a5fab0d17f3eb856d760f6a

COCOAPODS: 1.2.0.beta.1
